
Microsoft Visual Studio Solution File, Format Version 12.00
# Visual Studio Version 17
VisualStudioVersion = 17.14.36301.6
MinimumVisualStudioVersion = 10.0.40219.1
Project("{FAE04EC0-301F-11D3-BF4B-00C04F79EFBC}") = "Sharding.WebApi", "Sharding.WebApi\Sharding.WebApi.csproj", "{9A829F83-41EF-4206-B85F-AFF51B0F1B5D}"
EndProject
Project("{E53339B2-1760-4266-BCC7-CA923CBCF16C}") = "docker-compose", "docker-compose.dcproj", "{81DDED9D-158B-E303-5F62-77A2896D2A5A}"
EndProject
Project("{2150E333-8FDC-42A3-9474-1A3956D46DE8}") = "mongo-init-scripts", "mongo-init-scripts", "{02EA681E-C7D8-13C7-8484-4AC65E1B71E8}"
	ProjectSection(SolutionItems) = preProject
		init_config_rs.js = init_config_rs.js
		init_shard1_rs.js = init_shard1_rs.js
		init_shard2_rs.js = init_shard2_rs.js
		setup_sharding.js = setup_sharding.js
	EndProjectSection
EndProject
Global
	GlobalSection(SolutionConfigurationPlatforms) = preSolution
		Debug|Any CPU = Debug|Any CPU
		Release|Any CPU = Release|Any CPU
	EndGlobalSection
	GlobalSection(ProjectConfigurationPlatforms) = postSolution
		{9A829F83-41EF-4206-B85F-AFF51B0F1B5D}.Debug|Any CPU.ActiveCfg = Debug|Any CPU
		{9A829F83-41EF-4206-B85F-AFF51B0F1B5D}.Debug|Any CPU.Build.0 = Debug|Any CPU
		{9A829F83-41EF-4206-B85F-AFF51B0F1B5D}.Release|Any CPU.ActiveCfg = Release|Any CPU
		{9A829F83-41EF-4206-B85F-AFF51B0F1B5D}.Release|Any CPU.Build.0 = Release|Any CPU
		{81DDED9D-158B-E303-5F62-77A2896D2A5A}.Debug|Any CPU.ActiveCfg = Debug|Any CPU
		{81DDED9D-158B-E303-5F62-77A2896D2A5A}.Debug|Any CPU.Build.0 = Debug|Any CPU
		{81DDED9D-158B-E303-5F62-77A2896D2A5A}.Release|Any CPU.ActiveCfg = Release|Any CPU
		{81DDED9D-158B-E303-5F62-77A2896D2A5A}.Release|Any CPU.Build.0 = Release|Any CPU
	EndGlobalSection
	GlobalSection(SolutionProperties) = preSolution
		HideSolutionNode = FALSE
	EndGlobalSection
	GlobalSection(ExtensibilityGlobals) = postSolution
		SolutionGuid = {3B8C311E-CD55-4CD9-A94B-DB4EF0FC505F}
	EndGlobalSection
EndGlobal
